// !$*UTF8*$!
{
	archiveVersion = 1;
	classes = {
	};
	objectVersion = 46;
	objects = {

/* Begin PBXBuildFile section */
		33F33D55BD920C530227CD36 /* libPods-FKCollectionView_Example.a in Frameworks */ = {isa = PBXBuildFile; fileRef = 28449FAC474A375B9B4A3265 /* libPods-FKCollectionView_Example.a */; };
		6003F58E195388D20070C39A /* Foundation.framework in Frameworks */ = {isa = PBXBuildFile; fileRef = 6003F58D195388D20070C39A /* Foundation.framework */; };
		6003F590195388D20070C39A /* CoreGraphics.framework in Frameworks */ = {isa = PBXBuildFile; fileRef = 6003F58F195388D20070C39A /* CoreGraphics.framework */; };
		6003F592195388D20070C39A /* UIKit.framework in Frameworks */ = {isa = PBXBuildFile; fileRef = 6003F591195388D20070C39A /* UIKit.framework */; };
		6003F598195388D20070C39A /* InfoPlist.strings in Resources */ = {isa = PBXBuildFile; fileRef = 6003F596195388D20070C39A /* InfoPlist.strings */; };
		6003F59A195388D20070C39A /* main.m in Sources */ = {isa = PBXBuildFile; fileRef = 6003F599195388D20070C39A /* main.m */; };
		6003F59E195388D20070C39A /* FKAppDelegate.m in Sources */ = {isa = PBXBuildFile; fileRef = 6003F59D195388D20070C39A /* FKAppDelegate.m */; };
		6003F5A7195388D20070C39A /* FKViewController.m in Sources */ = {isa = PBXBuildFile; fileRef = 6003F5A6195388D20070C39A /* FKViewController.m */; };
		6003F5A9195388D20070C39A /* Images.xcassets in Resources */ = {isa = PBXBuildFile; fileRef = 6003F5A8195388D20070C39A /* Images.xcassets */; };
		6003F5B0195388D20070C39A /* XCTest.framework in Frameworks */ = {isa = PBXBuildFile; fileRef = 6003F5AF195388D20070C39A /* XCTest.framework */; };
		6003F5B1195388D20070C39A /* Foundation.framework in Frameworks */ = {isa = PBXBuildFile; fileRef = 6003F58D195388D20070C39A /* Foundation.framework */; };
		6003F5B2195388D20070C39A /* UIKit.framework in Frameworks */ = {isa = PBXBuildFile; fileRef = 6003F591195388D20070C39A /* UIKit.framework */; };
		6003F5BA195388D20070C39A /* InfoPlist.strings in Resources */ = {isa = PBXBuildFile; fileRef = 6003F5B8195388D20070C39A /* InfoPlist.strings */; };
		6003F5BC195388D20070C39A /* Tests.m in Sources */ = {isa = PBXBuildFile; fileRef = 6003F5BB195388D20070C39A /* Tests.m */; };
		6B05D97C228BE95400462F0E /* FKTestCellModel.m in Sources */ = {isa = PBXBuildFile; fileRef = 6B05D97B228BE95400462F0E /* FKTestCellModel.m */; };
		6B05D982228D02E600462F0E /* FKTestHeadView.m in Sources */ = {isa = PBXBuildFile; fileRef = 6B05D980228D02E600462F0E /* FKTestHeadView.m */; };
		6B05D983228D02E600462F0E /* FKTestHeadView.xib in Resources */ = {isa = PBXBuildFile; fileRef = 6B05D981228D02E600462F0E /* FKTestHeadView.xib */; };
		6B05D987228D03F400462F0E /* FKTestFootView.m in Sources */ = {isa = PBXBuildFile; fileRef = 6B05D985228D03F400462F0E /* FKTestFootView.m */; };
		6B05D988228D03F400462F0E /* FKTestFootView.xib in Resources */ = {isa = PBXBuildFile; fileRef = 6B05D986228D03F400462F0E /* FKTestFootView.xib */; };
		6B05D98C228D073F00462F0E /* FKTestHeadViewModel.m in Sources */ = {isa = PBXBuildFile; fileRef = 6B05D98B228D073F00462F0E /* FKTestHeadViewModel.m */; };
		6B05D98F228D075100462F0E /* FKTestFootViewModel.m in Sources */ = {isa = PBXBuildFile; fileRef = 6B05D98E228D075100462F0E /* FKTestFootViewModel.m */; };
		6B5A3E9022D81B7E0057FF0C /* WithoutXibViewController.m in Sources */ = {isa = PBXBuildFile; fileRef = 6B5A3E8F22D81B7E0057FF0C /* WithoutXibViewController.m */; };
		6BD1A51922D862F70074A01F /* WithoutXibCell.m in Sources */ = {isa = PBXBuildFile; fileRef = 6BD1A51822D862F70074A01F /* WithoutXibCell.m */; };
		6BD1A51C22D863280074A01F /* WithoutXibCellModel.m in Sources */ = {isa = PBXBuildFile; fileRef = 6BD1A51B22D863280074A01F /* WithoutXibCellModel.m */; };
		6BD1A51F22D87C210074A01F /* WithoutXibHeadFoot.m in Sources */ = {isa = PBXBuildFile; fileRef = 6BD1A51E22D87C210074A01F /* WithoutXibHeadFoot.m */; };
		6BD1A52222D87C4A0074A01F /* WithoutXibHeadFootModel.m in Sources */ = {isa = PBXBuildFile; fileRef = 6BD1A52122D87C4A0074A01F /* WithoutXibHeadFootModel.m */; };
		6BF3A9E3228BA7C500023B77 /* FKTestCell.m in Sources */ = {isa = PBXBuildFile; fileRef = 6BF3A9E1228BA7C500023B77 /* FKTestCell.m */; };
		6BF3A9E4228BA7C500023B77 /* FKTestCell.xib in Resources */ = {isa = PBXBuildFile; fileRef = 6BF3A9E2228BA7C500023B77 /* FKTestCell.xib */; };
		71719F9F1E33DC2100824A3D /* LaunchScreen.storyboard in Resources */ = {isa = PBXBuildFile; fileRef = 71719F9D1E33DC2100824A3D /* LaunchScreen.storyboard */; };
		873B8AEB1B1F5CCA007FD442 /* Main.storyboard in Resources */ = {isa = PBXBuildFile; fileRef = 873B8AEA1B1F5CCA007FD442 /* Main.storyboard */; };
		9823096A531DD5565B3B6C21 /* libPods-FKCollectionView_Tests.a in Frameworks */ = {isa = PBXBuildFile; fileRef = CA207CB309319A9690FDEE55 /* libPods-FKCollectionView_Tests.a */; };
/* End PBXBuildFile section */

/* Begin PBXContainerItemProxy section */
		6003F5B3195388D20070C39A /* PBXContainerItemProxy */ = {
			isa = PBXContainerItemProxy;
			containerPortal = 6003F582195388D10070C39A /* Project object */;
			proxyType = 1;
			remoteGlobalIDString = 6003F589195388D20070C39A;
			remoteInfo = FKCollectionView;
		};
/* End PBXContainerItemProxy section */

/* Begin PBXFileReference section */
		12DC847F9F0CE454293CA650 /* FKCollectionView.podspec */ = {isa = PBXFileReference; includeInIndex = 1; lastKnownFileType = text; name = FKCollectionView.podspec; path = ../FKCollectionView.podspec; sourceTree = "<group>"; xcLanguageSpecificationIdentifier = xcode.lang.ruby; };
		28449FAC474A375B9B4A3265 /* libPods-FKCollectionView_Example.a */ = {isa = PBXFileReference; explicitFileType = archive.ar; includeInIndex = 0; path = "libPods-FKCollectionView_Example.a"; sourceTree = BUILT_PRODUCTS_DIR; };
		40584603349FCF44DBB27957 /* Pods-FKCollectionView_Example.release.xcconfig */ = {isa = PBXFileReference; includeInIndex = 1; lastKnownFileType = text.xcconfig; name = "Pods-FKCollectionView_Example.release.xcconfig"; path = "Pods/Target Support Files/Pods-FKCollectionView_Example/Pods-FKCollectionView_Example.release.xcconfig"; sourceTree = "<group>"; };
		51D718FA9444ED202DF19C47 /* README.md */ = {isa = PBXFileReference; includeInIndex = 1; lastKnownFileType = net.daringfireball.markdown; name = README.md; path = ../README.md; sourceTree = "<group>"; };
		6003F58A195388D20070C39A /* FKCollectionView_Example.app */ = {isa = PBXFileReference; explicitFileType = wrapper.application; includeInIndex = 0; path = FKCollectionView_Example.app; sourceTree = BUILT_PRODUCTS_DIR; };
		6003F58D195388D20070C39A /* Foundation.framework */ = {isa = PBXFileReference; lastKnownFileType = wrapper.framework; name = Foundation.framework; path = System/Library/Frameworks/Foundation.framework; sourceTree = SDKROOT; };
		6003F58F195388D20070C39A /* CoreGraphics.framework */ = {isa = PBXFileReference; lastKnownFileType = wrapper.framework; name = CoreGraphics.framework; path = System/Library/Frameworks/CoreGraphics.framework; sourceTree = SDKROOT; };
		6003F591195388D20070C39A /* UIKit.framework */ = {isa = PBXFileReference; lastKnownFileType = wrapper.framework; name = UIKit.framework; path = System/Library/Frameworks/UIKit.framework; sourceTree = SDKROOT; };
		6003F595195388D20070C39A /* FKCollectionView-Info.plist */ = {isa = PBXFileReference; lastKnownFileType = text.plist.xml; path = "FKCollectionView-Info.plist"; sourceTree = "<group>"; };
		6003F597195388D20070C39A /* en */ = {isa = PBXFileReference; lastKnownFileType = text.plist.strings; name = en; path = en.lproj/InfoPlist.strings; sourceTree = "<group>"; };
		6003F599195388D20070C39A /* main.m */ = {isa = PBXFileReference; lastKnownFileType = sourcecode.c.objc; path = main.m; sourceTree = "<group>"; };
		6003F59B195388D20070C39A /* FKCollectionView-Prefix.pch */ = {isa = PBXFileReference; lastKnownFileType = sourcecode.c.h; path = "FKCollectionView-Prefix.pch"; sourceTree = "<group>"; };
		6003F59C195388D20070C39A /* FKAppDelegate.h */ = {isa = PBXFileReference; lastKnownFileType = sourcecode.c.h; path = FKAppDelegate.h; sourceTree = "<group>"; };
		6003F59D195388D20070C39A /* FKAppDelegate.m */ = {isa = PBXFileReference; lastKnownFileType = sourcecode.c.objc; path = FKAppDelegate.m; sourceTree = "<group>"; };
		6003F5A5195388D20070C39A /* FKViewController.h */ = {isa = PBXFileReference; lastKnownFileType = sourcecode.c.h; path = FKViewController.h; sourceTree = "<group>"; };
		6003F5A6195388D20070C39A /* FKViewController.m */ = {isa = PBXFileReference; lastKnownFileType = sourcecode.c.objc; path = FKViewController.m; sourceTree = "<group>"; };
		6003F5A8195388D20070C39A /* Images.xcassets */ = {isa = PBXFileReference; lastKnownFileType = folder.assetcatalog; path = Images.xcassets; sourceTree = "<group>"; };
		6003F5AE195388D20070C39A /* FKCollectionView_Tests.xctest */ = {isa = PBXFileReference; explicitFileType = wrapper.cfbundle; includeInIndex = 0; path = FKCollectionView_Tests.xctest; sourceTree = BUILT_PRODUCTS_DIR; };
		6003F5AF195388D20070C39A /* XCTest.framework */ = {isa = PBXFileReference; lastKnownFileType = wrapper.framework; name = XCTest.framework; path = Library/Frameworks/XCTest.framework; sourceTree = DEVELOPER_DIR; };
		6003F5B7195388D20070C39A /* Tests-Info.plist */ = {isa = PBXFileReference; lastKnownFileType = text.plist.xml; path = "Tests-Info.plist"; sourceTree = "<group>"; };
		6003F5B9195388D20070C39A /* en */ = {isa = PBXFileReference; lastKnownFileType = text.plist.strings; name = en; path = en.lproj/InfoPlist.strings; sourceTree = "<group>"; };
		6003F5BB195388D20070C39A /* Tests.m */ = {isa = PBXFileReference; lastKnownFileType = sourcecode.c.objc; path = Tests.m; sourceTree = "<group>"; };
		606FC2411953D9B200FFA9A0 /* Tests-Prefix.pch */ = {isa = PBXFileReference; lastKnownFileType = sourcecode.c.h; path = "Tests-Prefix.pch"; sourceTree = "<group>"; };
		6B05D97A228BE95400462F0E /* FKTestCellModel.h */ = {isa = PBXFileReference; lastKnownFileType = sourcecode.c.h; path = FKTestCellModel.h; sourceTree = "<group>"; };
		6B05D97B228BE95400462F0E /* FKTestCellModel.m */ = {isa = PBXFileReference; lastKnownFileType = sourcecode.c.objc; path = FKTestCellModel.m; sourceTree = "<group>"; };
		6B05D97F228D02E600462F0E /* FKTestHeadView.h */ = {isa = PBXFileReference; lastKnownFileType = sourcecode.c.h; path = FKTestHeadView.h; sourceTree = "<group>"; };
		6B05D980228D02E600462F0E /* FKTestHeadView.m */ = {isa = PBXFileReference; lastKnownFileType = sourcecode.c.objc; path = FKTestHeadView.m; sourceTree = "<group>"; };
		6B05D981228D02E600462F0E /* FKTestHeadView.xib */ = {isa = PBXFileReference; lastKnownFileType = file.xib; path = FKTestHeadView.xib; sourceTree = "<group>"; };
		6B05D984228D03F400462F0E /* FKTestFootView.h */ = {isa = PBXFileReference; lastKnownFileType = sourcecode.c.h; path = FKTestFootView.h; sourceTree = "<group>"; };
		6B05D985228D03F400462F0E /* FKTestFootView.m */ = {isa = PBXFileReference; lastKnownFileType = sourcecode.c.objc; path = FKTestFootView.m; sourceTree = "<group>"; };
		6B05D986228D03F400462F0E /* FKTestFootView.xib */ = {isa = PBXFileReference; lastKnownFileType = file.xib; path = FKTestFootView.xib; sourceTree = "<group>"; };
		6B05D98A228D073F00462F0E /* FKTestHeadViewModel.h */ = {isa = PBXFileReference; lastKnownFileType = sourcecode.c.h; path = FKTestHeadViewModel.h; sourceTree = "<group>"; };
		6B05D98B228D073F00462F0E /* FKTestHeadViewModel.m */ = {isa = PBXFileReference; lastKnownFileType = sourcecode.c.objc; path = FKTestHeadViewModel.m; sourceTree = "<group>"; };
		6B05D98D228D075100462F0E /* FKTestFootViewModel.h */ = {isa = PBXFileReference; lastKnownFileType = sourcecode.c.h; path = FKTestFootViewModel.h; sourceTree = "<group>"; };
		6B05D98E228D075100462F0E /* FKTestFootViewModel.m */ = {isa = PBXFileReference; lastKnownFileType = sourcecode.c.objc; path = FKTestFootViewModel.m; sourceTree = "<group>"; };
		6B5A3E8E22D81B7E0057FF0C /* WithoutXibViewController.h */ = {isa = PBXFileReference; lastKnownFileType = sourcecode.c.h; path = WithoutXibViewController.h; sourceTree = "<group>"; };
		6B5A3E8F22D81B7E0057FF0C /* WithoutXibViewController.m */ = {isa = PBXFileReference; lastKnownFileType = sourcecode.c.objc; path = WithoutXibViewController.m; sourceTree = "<group>"; };
		6BD1A51722D862F70074A01F /* WithoutXibCell.h */ = {isa = PBXFileReference; lastKnownFileType = sourcecode.c.h; path = WithoutXibCell.h; sourceTree = "<group>"; };
		6BD1A51822D862F70074A01F /* WithoutXibCell.m */ = {isa = PBXFileReference; lastKnownFileType = sourcecode.c.objc; path = WithoutXibCell.m; sourceTree = "<group>"; };
		6BD1A51A22D863280074A01F /* WithoutXibCellModel.h */ = {isa = PBXFileReference; lastKnownFileType = sourcecode.c.h; path = WithoutXibCellModel.h; sourceTree = "<group>"; };
		6BD1A51B22D863280074A01F /* WithoutXibCellModel.m */ = {isa = PBXFileReference; lastKnownFileType = sourcecode.c.objc; path = WithoutXibCellModel.m; sourceTree = "<group>"; };
		6BD1A51D22D87C210074A01F /* WithoutXibHeadFoot.h */ = {isa = PBXFileReference; lastKnownFileType = sourcecode.c.h; path = WithoutXibHeadFoot.h; sourceTree = "<group>"; };
		6BD1A51E22D87C210074A01F /* WithoutXibHeadFoot.m */ = {isa = PBXFileReference; lastKnownFileType = sourcecode.c.objc; path = WithoutXibHeadFoot.m; sourceTree = "<group>"; };
		6BD1A52022D87C4A0074A01F /* WithoutXibHeadFootModel.h */ = {isa = PBXFileReference; lastKnownFileType = sourcecode.c.h; path = WithoutXibHeadFootModel.h; sourceTree = "<group>"; };
		6BD1A52122D87C4A0074A01F /* WithoutXibHeadFootModel.m */ = {isa = PBXFileReference; lastKnownFileType = sourcecode.c.objc; path = WithoutXibHeadFootModel.m; sourceTree = "<group>"; };
		6BF3A9E0228BA7C500023B77 /* FKTestCell.h */ = {isa = PBXFileReference; lastKnownFileType = sourcecode.c.h; path = FKTestCell.h; sourceTree = "<group>"; };
		6BF3A9E1228BA7C500023B77 /* FKTestCell.m */ = {isa = PBXFileReference; lastKnownFileType = sourcecode.c.objc; path = FKTestCell.m; sourceTree = "<group>"; };
		6BF3A9E2228BA7C500023B77 /* FKTestCell.xib */ = {isa = PBXFileReference; lastKnownFileType = file.xib; path = FKTestCell.xib; sourceTree = "<group>"; };
		71719F9E1E33DC2100824A3D /* Base */ = {isa = PBXFileReference; lastKnownFileType = file.storyboard; name = Base; path = Base.lproj/LaunchScreen.storyboard; sourceTree = "<group>"; };
		7EC13A6C2BE417ADB8385482 /* Pods-FKCollectionView_Tests.debug.xcconfig */ = {isa = PBXFileReference; includeInIndex = 1; lastKnownFileType = text.xcconfig; name = "Pods-FKCollectionView_Tests.debug.xcconfig"; path = "Pods/Target Support Files/Pods-FKCollectionView_Tests/Pods-FKCollectionView_Tests.debug.xcconfig"; sourceTree = "<group>"; };
		873B8AEA1B1F5CCA007FD442 /* Main.storyboard */ = {isa = PBXFileReference; fileEncoding = 4; lastKnownFileType = file.storyboard; name = Main.storyboard; path = Base.lproj/Main.storyboard; sourceTree = "<group>"; };
		8D4B66005F284AE75C969EA6 /* Pods-FKCollectionView_Tests.release.xcconfig */ = {isa = PBXFileReference; includeInIndex = 1; lastKnownFileType = text.xcconfig; name = "Pods-FKCollectionView_Tests.release.xcconfig"; path = "Pods/Target Support Files/Pods-FKCollectionView_Tests/Pods-FKCollectionView_Tests.release.xcconfig"; sourceTree = "<group>"; };
		CA207CB309319A9690FDEE55 /* libPods-FKCollectionView_Tests.a */ = {isa = PBXFileReference; explicitFileType = archive.ar; includeInIndex = 0; path = "libPods-FKCollectionView_Tests.a"; sourceTree = BUILT_PRODUCTS_DIR; };
		D2C07994BDAED44A9D4A37B4 /* Pods-FKCollectionView_Example.debug.xcconfig */ = {isa = PBXFileReference; includeInIndex = 1; lastKnownFileType = text.xcconfig; name = "Pods-FKCollectionView_Example.debug.xcconfig"; path = "Pods/Target Support Files/Pods-FKCollectionView_Example/Pods-FKCollectionView_Example.debug.xcconfig"; sourceTree = "<group>"; };
		E6440438F123B28EF9E3C4A4 /* LICENSE */ = {isa = PBXFileReference; includeInIndex = 1; lastKnownFileType = text; name = LICENSE; path = ../LICENSE; sourceTree = "<group>"; };
/* End PBXFileReference section */

/* Begin PBXFrameworksBuildPhase section */
		6003F587195388D20070C39A /* Frameworks */ = {
			isa = PBXFrameworksBuildPhase;
			buildActionMask = 2147483647;
			files = (
				6003F590195388D20070C39A /* CoreGraphics.framework in Frameworks */,
				6003F592195388D20070C39A /* UIKit.framework in Frameworks */,
				6003F58E195388D20070C39A /* Foundation.framework in Frameworks */,
				33F33D55BD920C530227CD36 /* libPods-FKCollectionView_Example.a in Frameworks */,
			);
			runOnlyForDeploymentPostprocessing = 0;
		};
		6003F5AB195388D20070C39A /* Frameworks */ = {
			isa = PBXFrameworksBuildPhase;
			buildActionMask = 2147483647;
			files = (
				6003F5B0195388D20070C39A /* XCTest.framework in Frameworks */,
				6003F5B2195388D20070C39A /* UIKit.framework in Frameworks */,
				6003F5B1195388D20070C39A /* Foundation.framework in Frameworks */,
				9823096A531DD5565B3B6C21 /* libPods-FKCollectionView_Tests.a in Frameworks */,
			);
			runOnlyForDeploymentPostprocessing = 0;
		};
/* End PBXFrameworksBuildPhase section */

/* Begin PBXGroup section */
		6003F581195388D10070C39A = {
			isa = PBXGroup;
			children = (
				60FF7A9C1954A5C5007DD14C /* Podspec Metadata */,
				6003F593195388D20070C39A /* Example for FKCollectionView */,
				6003F5B5195388D20070C39A /* Tests */,
				6003F58C195388D20070C39A /* Frameworks */,
				6003F58B195388D20070C39A /* Products */,
				C20BBAA1695C1F2445DFE195 /* Pods */,
			);
			sourceTree = "<group>";
		};
		6003F58B195388D20070C39A /* Products */ = {
			isa = PBXGroup;
			children = (
				6003F58A195388D20070C39A /* FKCollectionView_Example.app */,
				6003F5AE195388D20070C39A /* FKCollectionView_Tests.xctest */,
			);
			name = Products;
			sourceTree = "<group>";
		};
		6003F58C195388D20070C39A /* Frameworks */ = {
			isa = PBXGroup;
			children = (
				6003F58D195388D20070C39A /* Foundation.framework */,
				6003F58F195388D20070C39A /* CoreGraphics.framework */,
				6003F591195388D20070C39A /* UIKit.framework */,
				6003F5AF195388D20070C39A /* XCTest.framework */,
				28449FAC474A375B9B4A3265 /* libPods-FKCollectionView_Example.a */,
				CA207CB309319A9690FDEE55 /* libPods-FKCollectionView_Tests.a */,
			);
			name = Frameworks;
			sourceTree = "<group>";
		};
		6003F593195388D20070C39A /* Example for FKCollectionView */ = {
			isa = PBXGroup;
			children = (
				6B05D97E228D027700462F0E /* HeadFoot */,
				6BF3A9DF228BA79F00023B77 /* Cell */,
				6003F59C195388D20070C39A /* FKAppDelegate.h */,
				6003F59D195388D20070C39A /* FKAppDelegate.m */,
				873B8AEA1B1F5CCA007FD442 /* Main.storyboard */,
				6003F5A5195388D20070C39A /* FKViewController.h */,
				6003F5A6195388D20070C39A /* FKViewController.m */,
				6B5A3E8E22D81B7E0057FF0C /* WithoutXibViewController.h */,
				6B5A3E8F22D81B7E0057FF0C /* WithoutXibViewController.m */,
				71719F9D1E33DC2100824A3D /* LaunchScreen.storyboard */,
				6003F5A8195388D20070C39A /* Images.xcassets */,
				6003F594195388D20070C39A /* Supporting Files */,
			);
			name = "Example for FKCollectionView";
			path = FKCollectionView;
			sourceTree = "<group>";
		};
		6003F594195388D20070C39A /* Supporting Files */ = {
			isa = PBXGroup;
			children = (
				6003F595195388D20070C39A /* FKCollectionView-Info.plist */,
				6003F596195388D20070C39A /* InfoPlist.strings */,
				6003F599195388D20070C39A /* main.m */,
				6003F59B195388D20070C39A /* FKCollectionView-Prefix.pch */,
			);
			name = "Supporting Files";
			sourceTree = "<group>";
		};
		6003F5B5195388D20070C39A /* Tests */ = {
			isa = PBXGroup;
			children = (
				6003F5BB195388D20070C39A /* Tests.m */,
				6003F5B6195388D20070C39A /* Supporting Files */,
			);
			path = Tests;
			sourceTree = "<group>";
		};
		6003F5B6195388D20070C39A /* Supporting Files */ = {
			isa = PBXGroup;
			children = (
				6003F5B7195388D20070C39A /* Tests-Info.plist */,
				6003F5B8195388D20070C39A /* InfoPlist.strings */,
				606FC2411953D9B200FFA9A0 /* Tests-Prefix.pch */,
			);
			name = "Supporting Files";
			sourceTree = "<group>";
		};
		60FF7A9C1954A5C5007DD14C /* Podspec Metadata */ = {
			isa = PBXGroup;
			children = (
				12DC847F9F0CE454293CA650 /* FKCollectionView.podspec */,
				51D718FA9444ED202DF19C47 /* README.md */,
				E6440438F123B28EF9E3C4A4 /* LICENSE */,
			);
			name = "Podspec Metadata";
			sourceTree = "<group>";
		};
		6B05D979228BE93900462F0E /* CellModel */ = {
			isa = PBXGroup;
			children = (
				6B05D97A228BE95400462F0E /* FKTestCellModel.h */,
				6B05D97B228BE95400462F0E /* FKTestCellModel.m */,
				6BD1A51A22D863280074A01F /* WithoutXibCellModel.h */,
				6BD1A51B22D863280074A01F /* WithoutXibCellModel.m */,
			);
			name = CellModel;
			sourceTree = "<group>";
		};
		6B05D97E228D027700462F0E /* HeadFoot */ = {
			isa = PBXGroup;
			children = (
				6B05D989228D070900462F0E /* HeadFootModel */,
				6B05D97F228D02E600462F0E /* FKTestHeadView.h */,
				6B05D980228D02E600462F0E /* FKTestHeadView.m */,
				6B05D981228D02E600462F0E /* FKTestHeadView.xib */,
				6B05D984228D03F400462F0E /* FKTestFootView.h */,
				6B05D985228D03F400462F0E /* FKTestFootView.m */,
				6B05D986228D03F400462F0E /* FKTestFootView.xib */,
				6BD1A51D22D87C210074A01F /* WithoutXibHeadFoot.h */,
				6BD1A51E22D87C210074A01F /* WithoutXibHeadFoot.m */,
			);
			name = HeadFoot;
			sourceTree = "<group>";
		};
		6B05D989228D070900462F0E /* HeadFootModel */ = {
			isa = PBXGroup;
			children = (
				6B05D98A228D073F00462F0E /* FKTestHeadViewModel.h */,
				6B05D98B228D073F00462F0E /* FKTestHeadViewModel.m */,
				6B05D98D228D075100462F0E /* FKTestFootViewModel.h */,
				6B05D98E228D075100462F0E /* FKTestFootViewModel.m */,
				6BD1A52022D87C4A0074A01F /* WithoutXibHeadFootModel.h */,
				6BD1A52122D87C4A0074A01F /* WithoutXibHeadFootModel.m */,
			);
			name = HeadFootModel;
			sourceTree = "<group>";
		};
		6BF3A9DF228BA79F00023B77 /* Cell */ = {
			isa = PBXGroup;
			children = (
				6B05D979228BE93900462F0E /* CellModel */,
				6BF3A9E0228BA7C500023B77 /* FKTestCell.h */,
				6BF3A9E1228BA7C500023B77 /* FKTestCell.m */,
				6BD1A51722D862F70074A01F /* WithoutXibCell.h */,
				6BD1A51822D862F70074A01F /* WithoutXibCell.m */,
				6BF3A9E2228BA7C500023B77 /* FKTestCell.xib */,
			);
			name = Cell;
			sourceTree = "<group>";
		};
		C20BBAA1695C1F2445DFE195 /* Pods */ = {
			isa = PBXGroup;
			children = (
				D2C07994BDAED44A9D4A37B4 /* Pods-FKCollectionView_Example.debug.xcconfig */,
				40584603349FCF44DBB27957 /* Pods-FKCollectionView_Example.release.xcconfig */,
				7EC13A6C2BE417ADB8385482 /* Pods-FKCollectionView_Tests.debug.xcconfig */,
				8D4B66005F284AE75C969EA6 /* Pods-FKCollectionView_Tests.release.xcconfig */,
			);
			name = Pods;
			sourceTree = "<group>";
		};
/* End PBXGroup section */

/* Begin PBXNativeTarget section */
		6003F589195388D20070C39A /* FKCollectionView_Example */ = {
			isa = PBXNativeTarget;
			buildConfigurationList = 6003F5BF195388D20070C39A /* Build configuration list for PBXNativeTarget "FKCollectionView_Example" */;
			buildPhases = (
				897C9F47B0A3BF999341F4DE /* [CP] Check Pods Manifest.lock */,
				6003F586195388D20070C39A /* Sources */,
				6003F587195388D20070C39A /* Frameworks */,
				6003F588195388D20070C39A /* Resources */,
				78598FD0C19E6CC9A7624F68 /* [CP] Copy Pods Resources */,
			);
			buildRules = (
			);
			dependencies = (
			);
			name = FKCollectionView_Example;
			productName = FKCollectionView;
			productReference = 6003F58A195388D20070C39A /* FKCollectionView_Example.app */;
			productType = "com.apple.product-type.application";
		};
		6003F5AD195388D20070C39A /* FKCollectionView_Tests */ = {
			isa = PBXNativeTarget;
			buildConfigurationList = 6003F5C2195388D20070C39A /* Build configuration list for PBXNativeTarget "FKCollectionView_Tests" */;
			buildPhases = (
				0DB89382A5BF67C0C3E56D36 /* [CP] Check Pods Manifest.lock */,
				6003F5AA195388D20070C39A /* Sources */,
				6003F5AB195388D20070C39A /* Frameworks */,
				6003F5AC195388D20070C39A /* Resources */,
			);
			buildRules = (
			);
			dependencies = (
				6003F5B4195388D20070C39A /* PBXTargetDependency */,
			);
			name = FKCollectionView_Tests;
			productName = FKCollectionViewTests;
			productReference = 6003F5AE195388D20070C39A /* FKCollectionView_Tests.xctest */;
			productType = "com.apple.product-type.bundle.unit-test";
		};
/* End PBXNativeTarget section */

/* Begin PBXProject section */
		6003F582195388D10070C39A /* Project object */ = {
			isa = PBXProject;
			attributes = {
				CLASSPREFIX = FK;
				LastUpgradeCheck = 0720;
				ORGANIZATIONNAME = chatv5;
				TargetAttributes = {
					6003F5AD195388D20070C39A = {
						TestTargetID = 6003F589195388D20070C39A;
					};
				};
			};
			buildConfigurationList = 6003F585195388D10070C39A /* Build configuration list for PBXProject "FKCollectionView" */;
			compatibilityVersion = "Xcode 3.2";
			developmentRegion = English;
			hasScannedForEncodings = 0;
			knownRegions = (
				English,
				en,
				Base,
			);
			mainGroup = 6003F581195388D10070C39A;
			productRefGroup = 6003F58B195388D20070C39A /* Products */;
			projectDirPath = "";
			projectRoot = "";
			targets = (
				6003F589195388D20070C39A /* FKCollectionView_Example */,
				6003F5AD195388D20070C39A /* FKCollectionView_Tests */,
			);
		};
/* End PBXProject section */

/* Begin PBXResourcesBuildPhase section */
		6003F588195388D20070C39A /* Resources */ = {
			isa = PBXResourcesBuildPhase;
			buildActionMask = 2147483647;
			files = (
				6B05D988228D03F400462F0E /* FKTestFootView.xib in Resources */,
				873B8AEB1B1F5CCA007FD442 /* Main.storyboard in Resources */,
				71719F9F1E33DC2100824A3D /* LaunchScreen.storyboard in Resources */,
				6003F5A9195388D20070C39A /* Images.xcassets in Resources */,
				6003F598195388D20070C39A /* InfoPlist.strings in Resources */,
				6BF3A9E4228BA7C500023B77 /* FKTestCell.xib in Resources */,
				6B05D983228D02E600462F0E /* FKTestHeadView.xib in Resources */,
			);
			runOnlyForDeploymentPostprocessing = 0;
		};
		6003F5AC195388D20070C39A /* Resources */ = {
			isa = PBXResourcesBuildPhase;
			buildActionMask = 2147483647;
			files = (
				6003F5BA195388D20070C39A /* InfoPlist.strings in Resources */,
			);
			runOnlyForDeploymentPostprocessing = 0;
		};
/* End PBXResourcesBuildPhase section */

/* Begin PBXShellScriptBuildPhase section */
		0DB89382A5BF67C0C3E56D36 /* [CP] Check Pods Manifest.lock */ = {
			isa = PBXShellScriptBuildPhase;
			buildActionMask = 2147483647;
			files = (
			);
			inputPaths = (
				"${PODS_PODFILE_DIR_PATH}/Podfile.lock",
				"${PODS_ROOT}/Manifest.lock",
			);
			name = "[CP] Check Pods Manifest.lock";
			outputPaths = (
				"$(DERIVED_FILE_DIR)/Pods-FKCollectionView_Tests-checkManifestLockResult.txt",
			);
			runOnlyForDeploymentPostprocessing = 0;
			shellPath = /bin/sh;
			shellScript = "diff \"${PODS_PODFILE_DIR_PATH}/Podfile.lock\" \"${PODS_ROOT}/Manifest.lock\" > /dev/null\nif [ $? != 0 ] ; then\n    # print error to STDERR\n    echo \"error: The sandbox is not in sync with the Podfile.lock. Run 'pod install' or update your CocoaPods installation.\" >&2\n    exit 1\nfi\n# This output is used by Xcode 'outputs' to avoid re-running this script phase.\necho \"SUCCESS\" > \"${SCRIPT_OUTPUT_FILE_0}\"\n";
			showEnvVarsInLog = 0;
		};
		78598FD0C19E6CC9A7624F68 /* [CP] Copy Pods Resources */ = {
			isa = PBXShellScriptBuildPhase;
			buildActionMask = 2147483647;
			files = (
			);
			inputPaths = (
				"${PODS_ROOT}/Target Support Files/Pods-FKCollectionView_Example/Pods-FKCollectionView_Example-resources.sh",
				"${PODS_ROOT}/SVProgressHUD/SVProgressHUD/SVProgressHUD.bundle",
			);
			name = "[CP] Copy Pods Resources";
			outputPaths = (
				"${TARGET_BUILD_DIR}/${UNLOCALIZED_RESOURCES_FOLDER_PATH}/SVProgressHUD.bundle",
			);
			runOnlyForDeploymentPostprocessing = 0;
			shellPath = /bin/sh;
			shellScript = "\"${PODS_ROOT}/Target Support Files/Pods-FKCollectionView_Example/Pods-FKCollectionView_Example-resources.sh\"\n";
			showEnvVarsInLog = 0;
		};
		897C9F47B0A3BF999341F4DE /* [CP] Check Pods Manifest.lock */ = {
			isa = PBXShellScriptBuildPhase;
			buildActionMask = 2147483647;
			files = (
			);
			inputPaths = (
				"${PODS_PODFILE_DIR_PATH}/Podfile.lock",
				"${PODS_ROOT}/Manifest.lock",
			);
			name = "[CP] Check Pods Manifest.lock";
			outputPaths = (
				"$(DERIVED_FILE_DIR)/Pods-FKCollectionView_Example-checkManifestLockResult.txt",
			);
			runOnlyForDeploymentPostprocessing = 0;
			shellPath = /bin/sh;
			shellScript = "diff \"${PODS_PODFILE_DIR_PATH}/Podfile.lock\" \"${PODS_ROOT}/Manifest.lock\" > /dev/null\nif [ $? != 0 ] ; then\n    # print error to STDERR\n    echo \"error: The sandbox is not in sync with the Podfile.lock. Run 'pod install' or update your CocoaPods installation.\" >&2\n    exit 1\nfi\n# This output is used by Xcode 'outputs' to avoid re-running this script phase.\necho \"SUCCESS\" > \"${SCRIPT_OUTPUT_FILE_0}\"\n";
			showEnvVarsInLog = 0;
		};
/* End PBXShellScriptBuildPhase section */

/* Begin PBXSourcesBuildPhase section */
		6003F586195388D20070C39A /* Sources */ = {
			isa = PBXSourcesBuildPhase;
			buildActionMask = 2147483647;
			files = (
				6BD1A51F22D87C210074A01F /* WithoutXibHeadFoot.m in Sources */,
				6B05D98F228D075100462F0E /* FKTestFootViewModel.m in Sources */,
				6BF3A9E3228BA7C500023B77 /* FKTestCell.m in Sources */,
				6B05D987228D03F400462F0E /* FKTestFootView.m in Sources */,
				6B05D982228D02E600462F0E /* FKTestHeadView.m in Sources */,
				6BD1A51C22D863280074A01F /* WithoutXibCellModel.m in Sources */,
				6BD1A51922D862F70074A01F /* WithoutXibCell.m in Sources */,
				6003F59E195388D20070C39A /* FKAppDelegate.m in Sources */,
				6BD1A52222D87C4A0074A01F /* WithoutXibHeadFootModel.m in Sources */,
				6B05D97C228BE95400462F0E /* FKTestCellModel.m in Sources */,
				6003F5A7195388D20070C39A /* FKViewController.m in Sources */,
				6B5A3E9022D81B7E0057FF0C /* WithoutXibViewController.m in Sources */,
				6003F59A195388D20070C39A /* main.m in Sources */,
				6B05D98C228D073F00462F0E /* FKTestHeadViewModel.m in Sources */,
			);
			runOnlyForDeploymentPostprocessing = 0;
		};
		6003F5AA195388D20070C39A /* Sources */ = {
			isa = PBXSourcesBuildPhase;
			buildActionMask = 2147483647;
			files = (
				6003F5BC195388D20070C39A /* Tests.m in Sources */,
			);
			runOnlyForDeploymentPostprocessing = 0;
		};
/* End PBXSourcesBuildPhase section */

/* Begin PBXTargetDependency section */
		6003F5B4195388D20070C39A /* PBXTargetDependency */ = {
			isa = PBXTargetDependency;
			target = 6003F589195388D20070C39A /* FKCollectionView_Example */;
			targetProxy = 6003F5B3195388D20070C39A /* PBXContainerItemProxy */;
		};
/* End PBXTargetDependency section */

/* Begin PBXVariantGroup section */
		6003F596195388D20070C39A /* InfoPlist.strings */ = {
			isa = PBXVariantGroup;
			children = (
				6003F597195388D20070C39A /* en */,
			);
			name = InfoPlist.strings;
			sourceTree = "<group>";
		};
		6003F5B8195388D20070C39A /* InfoPlist.strings */ = {
			isa = PBXVariantGroup;
			children = (
				6003F5B9195388D20070C39A /* en */,
			);
			name = InfoPlist.strings;
			sourceTree = "<group>";
		};
		71719F9D1E33DC2100824A3D /* LaunchScreen.storyboard */ = {
			isa = PBXVariantGroup;
			children = (
				71719F9E1E33DC2100824A3D /* Base */,
			);
			name = LaunchScreen.storyboard;
			sourceTree = "<group>";
		};
/* End PBXVariantGroup section */

/* Begin XCBuildConfiguration section */
		6003F5BD195388D20070C39A /* Debug */ = {
			isa = XCBuildConfiguration;
			buildSettings = {
				ALWAYS_SEARCH_USER_PATHS = NO;
				CLANG_CXX_LANGUAGE_STANDARD = "gnu++0x";
				CLANG_CXX_LIBRARY = "libc++";
				CLANG_ENABLE_MODULES = YES;
				CLANG_ENABLE_OBJC_ARC = YES;
				CLANG_WARN_BOOL_CONVERSION = YES;
				CLANG_WARN_CONSTANT_CONVERSION = YES;
				CLANG_WARN_DIRECT_OBJC_ISA_USAGE = YES_ERROR;
				CLANG_WARN_EMPTY_BODY = YES;
				CLANG_WARN_ENUM_CONVERSION = YES;
				CLANG_WARN_INT_CONVERSION = YES;
				CLANG_WARN_OBJC_ROOT_CLASS = YES_ERROR;
				CLANG_WARN__DUPLICATE_METHOD_MATCH = YES;
				"CODE_SIGN_IDENTITY[sdk=iphoneos*]" = "iPhone Developer";
				COPY_PHASE_STRIP = NO;
				ENABLE_TESTABILITY = YES;
				GCC_C_LANGUAGE_STANDARD = gnu99;
				GCC_DYNAMIC_NO_PIC = NO;
				GCC_OPTIMIZATION_LEVEL = 0;
				GCC_PREPROCESSOR_DEFINITIONS = (
					"DEBUG=1",
					"$(inherited)",
				);
				GCC_SYMBOLS_PRIVATE_EXTERN = NO;
				GCC_WARN_64_TO_32_BIT_CONVERSION = YES;
				GCC_WARN_ABOUT_RETURN_TYPE = YES_ERROR;
				GCC_WARN_UNDECLARED_SELECTOR = YES;
				GCC_WARN_UNINITIALIZED_AUTOS = YES_AGGRESSIVE;
				GCC_WARN_UNUSED_FUNCTION = YES;
				GCC_WARN_UNUSED_VARIABLE = YES;
				IPHONEOS_DEPLOYMENT_TARGET = 9.3;
				ONLY_ACTIVE_ARCH = YES;
				SDKROOT = iphoneos;
				TARGETED_DEVICE_FAMILY = "1,2";
			};
			name = Debug;
		};
		6003F5BE195388D20070C39A /* Release */ = {
			isa = XCBuildConfiguration;
			buildSettings = {
				ALWAYS_SEARCH_USER_PATHS = NO;
				CLANG_CXX_LANGUAGE_STANDARD = "gnu++0x";
				CLANG_CXX_LIBRARY = "libc++";
				CLANG_ENABLE_MODULES = YES;
				CLANG_ENABLE_OBJC_ARC = YES;
				CLANG_WARN_BOOL_CONVERSION = YES;
				CLANG_WARN_CONSTANT_CONVERSION = YES;
				CLANG_WARN_DIRECT_OBJC_ISA_USAGE = YES_ERROR;
				CLANG_WARN_EMPTY_BODY = YES;
				CLANG_WARN_ENUM_CONVERSION = YES;
				CLANG_WARN_INT_CONVERSION = YES;
				CLANG_WARN_OBJC_ROOT_CLASS = YES_ERROR;
				CLANG_WARN__DUPLICATE_METHOD_MATCH = YES;
				"CODE_SIGN_IDENTITY[sdk=iphoneos*]" = "iPhone Developer";
				COPY_PHASE_STRIP = YES;
				ENABLE_NS_ASSERTIONS = NO;
				GCC_C_LANGUAGE_STANDARD = gnu99;
				GCC_WARN_64_TO_32_BIT_CONVERSION = YES;
				GCC_WARN_ABOUT_RETURN_TYPE = YES_ERROR;
				GCC_WARN_UNDECLARED_SELECTOR = YES;
				GCC_WARN_UNINITIALIZED_AUTOS = YES_AGGRESSIVE;
				GCC_WARN_UNUSED_FUNCTION = YES;
				GCC_WARN_UNUSED_VARIABLE = YES;
				IPHONEOS_DEPLOYMENT_TARGET = 9.3;
				SDKROOT = iphoneos;
				TARGETED_DEVICE_FAMILY = "1,2";
				VALIDATE_PRODUCT = YES;
			};
			name = Release;
		};
		6003F5C0195388D20070C39A /* Debug */ = {
			isa = XCBuildConfiguration;
			baseConfigurationReference = D2C07994BDAED44A9D4A37B4 /* Pods-FKCollectionView_Example.debug.xcconfig */;
			buildSettings = {
				ASSETCATALOG_COMPILER_APPICON_NAME = AppIcon;
				GCC_PRECOMPILE_PREFIX_HEADER = YES;
				GCC_PREFIX_HEADER = "FKCollectionView/FKCollectionView-Prefix.pch";
				INFOPLIST_FILE = "FKCollectionView/FKCollectionView-Info.plist";
				MODULE_NAME = ExampleApp;
				PRODUCT_BUNDLE_IDENTIFIER = "org.cocoapods.demo.${PRODUCT_NAME:rfc1034identifier}";
				PRODUCT_NAME = "$(TARGET_NAME)";
				WRAPPER_EXTENSION = app;
			};
			name = Debug;
		};
		6003F5C1195388D20070C39A /* Release */ = {
			isa = XCBuildConfiguration;
			baseConfigurationReference = 40584603349FCF44DBB27957 /* Pods-FKCollectionView_Example.release.xcconfig */;
			buildSettings = {
				ASSETCATALOG_COMPILER_APPICON_NAME = AppIcon;
				GCC_PRECOMPILE_PREFIX_HEADER = YES;
				GCC_PREFIX_HEADER = "FKCollectionView/FKCollectionView-Prefix.pch";
				INFOPLIST_FILE = "FKCollectionView/FKCollectionView-Info.plist";
				MODULE_NAME = ExampleApp;
				PRODUCT_BUNDLE_IDENTIFIER = "org.cocoapods.demo.${PRODUCT_NAME:rfc1034identifier}";
				PRODUCT_NAME = "$(TARGET_NAME)";
				WRAPPER_EXTENSION = app;
			};
			name = Release;
		};
		6003F5C3195388D20070C39A /* Debug */ = {
			isa = XCBuildConfiguration;
			baseConfigurationReference = 7EC13A6C2BE417ADB8385482 /* Pods-FKCollectionView_Tests.debug.xcconfig */;
			buildSettings = {
				BUNDLE_LOADER = "$(TEST_HOST)";
				FRAMEWORK_SEARCH_PATHS = (
					"$(SDKROOT)/Developer/Library/Frameworks",
					"$(inherited)",
					"$(DEVELOPER_FRAMEWORKS_DIR)",
				);
				GCC_PRECOMPILE_PREFIX_HEADER = YES;
				GCC_PREFIX_HEADER = "Tests/Tests-Prefix.pch";
				GCC_PREPROCESSOR_DEFINITIONS = (
					"DEBUG=1",
					"$(inherited)",
				);
				INFOPLIST_FILE = "Tests/Tests-Info.plist";
				PRODUCT_BUNDLE_IDENTIFIER = "org.cocoapods.demo.${PRODUCT_NAME:rfc1034identifier}";
				PRODUCT_NAME = "$(TARGET_NAME)";
				TEST_HOST = "$(BUILT_PRODUCTS_DIR)/FKCollectionView_Example.app/FKCollectionView_Example";
				WRAPPER_EXTENSION = xctest;
			};
			name = Debug;
		};
		6003F5C4195388D20070C39A /* Release */ = {
			isa = XCBuildConfiguration;
			baseConfigurationReference = 8D4B66005F284AE75C969EA6 /* Pods-FKCollectionView_Tests.release.xcconfig */;
			buildSettings = {
				BUNDLE_LOADER = "$(TEST_HOST)";
				FRAMEWORK_SEARCH_PATHS = (
					"$(SDKROOT)/Developer/Library/Frameworks",
					"$(inherited)",
					"$(DEVELOPER_FRAMEWORKS_DIR)",
				);
				GCC_PRECOMPILE_PREFIX_HEADER = YES;
				GCC_PREFIX_HEADER = "Tests/Tests-Prefix.pch";
				INFOPLIST_FILE = "Tests/Tests-Info.plist";
				PRODUCT_BUNDLE_IDENTIFIER = "org.cocoapods.demo.${PRODUCT_NAME:rfc1034identifier}";
				PRODUCT_NAME = "$(TARGET_NAME)";
				TEST_HOST = "$(BUILT_PRODUCTS_DIR)/FKCollectionView_Example.app/FKCollectionView_Example";
				WRAPPER_EXTENSION = xctest;
			};
			name = Release;
		};
/* End XCBuildConfiguration section */

/* Begin XCConfigurationList section */
		6003F585195388D10070C39A /* Build configuration list for PBXProject "FKCollectionView" */ = {
			isa = XCConfigurationList;
			buildConfigurations = (
				6003F5BD195388D20070C39A /* Debug */,
				6003F5BE195388D20070C39A /* Release */,
			);
			defaultConfigurationIsVisible = 0;
			defaultConfigurationName = Release;
		};
		6003F5BF195388D20070C39A /* Build configuration list for PBXNativeTarget "FKCollectionView_Example" */ = {
			isa = XCConfigurationList;
			buildConfigurations = (
				6003F5C0195388D20070C39A /* Debug */,
				6003F5C1195388D20070C39A /* Release */,
			);
			defaultConfigurationIsVisible = 0;
			defaultConfigurationName = Release;
		};
		6003F5C2195388D20070C39A /* Build configuration list for PBXNativeTarget "FKCollectionView_Tests" */ = {
			isa = XCConfigurationList;
			buildConfigurations = (
				6003F5C3195388D20070C39A /* Debug */,
				6003F5C4195388D20070C39A /* Release */,
			);
			defaultConfigurationIsVisible = 0;
			defaultConfigurationName = Release;
		};
/* End XCConfigurationList section */
	};
	rootObject = 6003F582195388D10070C39A /* Project object */;
}
